# @generated by Move, please check-in and do not edit manually.

[move]
version = 2
manifest_digest = "E77E21B92C7AFD8153614904E37F6F3B1426F37B2F2DC94BEE06DD0CE3E5C534"
deps_digest = "F8BBB0CCB2491CA29A3DF03D6F92277A4F3574266507ACD77214D37ECA3F3082"
dependencies = [
  { name = "Sui" },
]

[[move.package]]
name = "MoveStdlib"
source = { git = "https://github.com/MystenLabs/sui.git", rev = "framework/testnet", subdir = "crates/sui-framework/packages/move-stdlib" }

[[move.package]]
name = "Sui"
source = { git = "https://github.com/MystenLabs/sui.git", rev = "framework/testnet", subdir = "crates/sui-framework/packages/sui-framework" }

dependencies = [
  { name = "MoveStdlib" },
]

[move.toolchain-version]
compiler-version = "1.27.2"
edition = "2024.beta"
flavor = "sui"

[env]

[env.testnet]
chain-id = "4c78adac"
original-published-id = "0x5c947747f60e997550049aed696df2ac410c701f74957bd7304b3c40fa41d7fc"
latest-published-id = "0x5c947747f60e997550049aed696df2ac410c701f74957bd7304b3c40fa41d7fc"
published-version = "1"
