# @generated by Move, please check-in and do not edit manually.

[move]
version = 2
manifest_digest = "4116D763A01B7F5203B281369EE869E539FF7A2AC2B4A45BC604A8ACD8702EC0"
deps_digest = "F8BBB0CCB2491CA29A3DF03D6F92277A4F3574266507ACD77214D37ECA3F3082"
dependencies = [
  { name = "Sui" },
]

[[move.package]]
name = "MoveStdlib"
source = { git = "https://github.com/MystenLabs/sui.git", rev = "framework/testnet", subdir = "crates/sui-framework/packages/move-stdlib" }

[[move.package]]
name = "Sui"
source = { git = "https://github.com/MystenLabs/sui.git", rev = "framework/testnet", subdir = "crates/sui-framework/packages/sui-framework" }

dependencies = [
  { name = "MoveStdlib" },
]

[move.toolchain-version]
compiler-version = "1.26.2"
edition = "2024.beta"
flavor = "sui"

[env]

[env.testnet]
chain-id = "4c78adac"
original-published-id = "0x30a8e86de188c74a56495d19d0667a488289bb2a9a7c4ead7b046728ede3553e"
latest-published-id = "0x2489b906bc22e49f084e1ef33a84cf48db4c38fd3c0da4a9e61ba497677b99c7"
published-version = "2"
