# @generated by Move, please check-in and do not edit manually.

[move]
version = 2
manifest_digest = "DD4989CF83FEE1A5B2216D27B45B364A430B7A87F806F19C428FE827176305C0"
deps_digest = "F8BBB0CCB2491CA29A3DF03D6F92277A4F3574266507ACD77214D37ECA3F3082"
dependencies = [
  { name = "Sui" },
]

[[move.package]]
name = "MoveStdlib"
source = { git = "https://github.com/MystenLabs/sui.git", rev = "framework/testnet", subdir = "crates/sui-framework/packages/move-stdlib" }

[[move.package]]
name = "Sui"
source = { git = "https://github.com/MystenLabs/sui.git", rev = "framework/testnet", subdir = "crates/sui-framework/packages/sui-framework" }

dependencies = [
  { name = "MoveStdlib" },
]

[move.toolchain-version]
compiler-version = "1.27.2"
edition = "2024.beta"
flavor = "sui"

[env]

[env.testnet]
chain-id = "4c78adac"
original-published-id = "0x0db7ce7c0a567c7018aa0f680fef2117ababe59de9640aa1755b7c136918f4a0"
latest-published-id = "0x0db7ce7c0a567c7018aa0f680fef2117ababe59de9640aa1755b7c136918f4a0"
published-version = "1"
